
Microsoft Visual Studio Solution File, Format Version 12.00
# Visual Studio Version 17
VisualStudioVersion = 17.5.33627.172
MinimumVisualStudioVersion = 10.0.40219.1
Project("{FAE04EC0-301F-11D3-BF4B-00C04F79EFBC}") = "dansmies", "dansmies\dansmies.csproj", "{CA006048-B2D5-4CBD-B2A4-B7348ABE9A68}"
EndProject
Global
	GlobalSection(SolutionConfigurationPlatforms) = preSolution
		Debug|Any CPU = Debug|Any CPU
		Release|Any CPU = Release|Any CPU
	EndGlobalSection
	GlobalSection(ProjectConfigurationPlatforms) = postSolution
		{CA006048-B2D5-4CBD-B2A4-B7348ABE9A68}.Debug|Any CPU.ActiveCfg = Debug|Any CPU
		{CA006048-B2D5-4CBD-B2A4-B7348ABE9A68}.Debug|Any CPU.Build.0 = Debug|Any CPU
		{CA006048-B2D5-4CBD-B2A4-B7348ABE9A68}.Release|Any CPU.ActiveCfg = Release|Any CPU
		{CA006048-B2D5-4CBD-B2A4-B7348ABE9A68}.Release|Any CPU.Build.0 = Release|Any CPU
	EndGlobalSection
	GlobalSection(SolutionProperties) = preSolution
		HideSolutionNode = FALSE
	EndGlobalSection
	GlobalSection(ExtensibilityGlobals) = postSolution
		SolutionGuid = {AA5AC1EA-30FA-4166-9B76-5F27D5E92D42}
	EndGlobalSection
EndGlobal
